
Microsoft Visual Studio Solution File, Format Version 12.00
# Visual Studio Version 17
VisualStudioVersion = 17.1.32210.238
MinimumVisualStudioVersion = 10.0.40219.1
Project("{2150E333-8FDC-42A3-9474-1A3956D46DE8}") = "Project", "Project", "{22E92C3B-C089-4017-9826-EA20660661F5}"
EndProject
Project("{FAE04EC0-301F-11D3-BF4B-00C04F79EFBC}") = "FW.Console", "FW.Console\FW.Console.csproj", "{6CFD236B-BE1A-4289-A5A3-556F8B75DD4A}"
EndProject
Project("{9A19103F-16F7-4668-BE54-9A1E7A4F7556}") = "Core.Console", "Core.Console\Core.Console.csproj", "{DE6E795C-AAE5-47D2-8513-9639D08B677C}"
EndProject
Project("{2150E333-8FDC-42A3-9474-1A3956D46DE8}") = "Model", "Model", "{7852FDAD-5BD6-4D38-87D1-2779FEEF8E4E}"
EndProject
Project("{2150E333-8FDC-42A3-9474-1A3956D46DE8}") = "Helper", "Helper", "{1D0DD547-A33B-4CFC-B541-F25DC4331081}"
EndProject
Project("{9A19103F-16F7-4668-BE54-9A1E7A4F7556}") = "Core.Common", "Core.Common\Core.Common.csproj", "{56B25884-FE3F-4110-9FAB-200C24C4C5B6}"
EndProject
Project("{FAE04EC0-301F-11D3-BF4B-00C04F79EFBC}") = "FW.Common", "FW.Common\FW.Common.csproj", "{03F058BB-009E-4F61-AA4F-F017DC28E375}"
EndProject
Project("{FAE04EC0-301F-11D3-BF4B-00C04F79EFBC}") = "FWProducer2", "FWProducer2\FWProducer2.csproj", "{B8AF1A43-3691-44F9-85EB-F90E20B0A00F}"
EndProject
Project("{FAE04EC0-301F-11D3-BF4B-00C04F79EFBC}") = "FWConsumer2", "FWConsumer2\FWConsumer2.csproj", "{73661511-0BBD-42E7-B1DA-7C8649401A6D}"
EndProject
Project("{FAE04EC0-301F-11D3-BF4B-00C04F79EFBC}") = "FWConsumer22", "FWConsumer22\FWConsumer22.csproj", "{BBCE6511-B4AB-4013-B671-117FF0648A68}"
EndProject
Global
	GlobalSection(SolutionConfigurationPlatforms) = preSolution
		Debug|Any CPU = Debug|Any CPU
		Release|Any CPU = Release|Any CPU
	EndGlobalSection
	GlobalSection(ProjectConfigurationPlatforms) = postSolution
		{6CFD236B-BE1A-4289-A5A3-556F8B75DD4A}.Debug|Any CPU.ActiveCfg = Debug|Any CPU
		{6CFD236B-BE1A-4289-A5A3-556F8B75DD4A}.Debug|Any CPU.Build.0 = Debug|Any CPU
		{6CFD236B-BE1A-4289-A5A3-556F8B75DD4A}.Release|Any CPU.ActiveCfg = Release|Any CPU
		{6CFD236B-BE1A-4289-A5A3-556F8B75DD4A}.Release|Any CPU.Build.0 = Release|Any CPU
		{DE6E795C-AAE5-47D2-8513-9639D08B677C}.Debug|Any CPU.ActiveCfg = Debug|Any CPU
		{DE6E795C-AAE5-47D2-8513-9639D08B677C}.Debug|Any CPU.Build.0 = Debug|Any CPU
		{DE6E795C-AAE5-47D2-8513-9639D08B677C}.Release|Any CPU.ActiveCfg = Release|Any CPU
		{DE6E795C-AAE5-47D2-8513-9639D08B677C}.Release|Any CPU.Build.0 = Release|Any CPU
		{56B25884-FE3F-4110-9FAB-200C24C4C5B6}.Debug|Any CPU.ActiveCfg = Debug|Any CPU
		{56B25884-FE3F-4110-9FAB-200C24C4C5B6}.Debug|Any CPU.Build.0 = Debug|Any CPU
		{56B25884-FE3F-4110-9FAB-200C24C4C5B6}.Release|Any CPU.ActiveCfg = Release|Any CPU
		{56B25884-FE3F-4110-9FAB-200C24C4C5B6}.Release|Any CPU.Build.0 = Release|Any CPU
		{03F058BB-009E-4F61-AA4F-F017DC28E375}.Debug|Any CPU.ActiveCfg = Debug|Any CPU
		{03F058BB-009E-4F61-AA4F-F017DC28E375}.Debug|Any CPU.Build.0 = Debug|Any CPU
		{03F058BB-009E-4F61-AA4F-F017DC28E375}.Release|Any CPU.ActiveCfg = Release|Any CPU
		{03F058BB-009E-4F61-AA4F-F017DC28E375}.Release|Any CPU.Build.0 = Release|Any CPU
		{B8AF1A43-3691-44F9-85EB-F90E20B0A00F}.Debug|Any CPU.ActiveCfg = Debug|Any CPU
		{B8AF1A43-3691-44F9-85EB-F90E20B0A00F}.Debug|Any CPU.Build.0 = Debug|Any CPU
		{B8AF1A43-3691-44F9-85EB-F90E20B0A00F}.Release|Any CPU.ActiveCfg = Release|Any CPU
		{B8AF1A43-3691-44F9-85EB-F90E20B0A00F}.Release|Any CPU.Build.0 = Release|Any CPU
		{73661511-0BBD-42E7-B1DA-7C8649401A6D}.Debug|Any CPU.ActiveCfg = Debug|Any CPU
		{73661511-0BBD-42E7-B1DA-7C8649401A6D}.Debug|Any CPU.Build.0 = Debug|Any CPU
		{73661511-0BBD-42E7-B1DA-7C8649401A6D}.Release|Any CPU.ActiveCfg = Release|Any CPU
		{73661511-0BBD-42E7-B1DA-7C8649401A6D}.Release|Any CPU.Build.0 = Release|Any CPU
		{BBCE6511-B4AB-4013-B671-117FF0648A68}.Debug|Any CPU.ActiveCfg = Debug|Any CPU
		{BBCE6511-B4AB-4013-B671-117FF0648A68}.Debug|Any CPU.Build.0 = Debug|Any CPU
		{BBCE6511-B4AB-4013-B671-117FF0648A68}.Release|Any CPU.ActiveCfg = Release|Any CPU
		{BBCE6511-B4AB-4013-B671-117FF0648A68}.Release|Any CPU.Build.0 = Release|Any CPU
	EndGlobalSection
	GlobalSection(SolutionProperties) = preSolution
		HideSolutionNode = FALSE
	EndGlobalSection
	GlobalSection(NestedProjects) = preSolution
		{6CFD236B-BE1A-4289-A5A3-556F8B75DD4A} = {22E92C3B-C089-4017-9826-EA20660661F5}
		{DE6E795C-AAE5-47D2-8513-9639D08B677C} = {22E92C3B-C089-4017-9826-EA20660661F5}
		{56B25884-FE3F-4110-9FAB-200C24C4C5B6} = {1D0DD547-A33B-4CFC-B541-F25DC4331081}
		{03F058BB-009E-4F61-AA4F-F017DC28E375} = {1D0DD547-A33B-4CFC-B541-F25DC4331081}
		{B8AF1A43-3691-44F9-85EB-F90E20B0A00F} = {22E92C3B-C089-4017-9826-EA20660661F5}
		{73661511-0BBD-42E7-B1DA-7C8649401A6D} = {22E92C3B-C089-4017-9826-EA20660661F5}
		{BBCE6511-B4AB-4013-B671-117FF0648A68} = {22E92C3B-C089-4017-9826-EA20660661F5}
	EndGlobalSection
	GlobalSection(ExtensibilityGlobals) = postSolution
		SolutionGuid = {F072CA30-743C-49AE-A058-CB5E2B45C858}
	EndGlobalSection
EndGlobal
